
Microsoft Visual Studio Solution File, Format Version 12.00
# Visual Studio 15
VisualStudioVersion = 15.0.28307.757
MinimumVisualStudioVersion = 10.0.40219.1
Project("{8BC9CEB8-8B4A-11D0-8D11-00A0C91BC942}") = "Functions", "Functions\Functions.vcxproj", "{FD498997-CACE-47D5-9AEC-5C9BB7CF8970}"
EndProject
Project("{8BC9CEB8-8B4A-11D0-8D11-00A0C91BC942}") = "Arrays", "Arrays\Arrays.vcxproj", "{4D7B2348-C688-48EE-AC96-595591F58C1F}"
EndProject
Project("{8BC9CEB8-8B4A-11D0-8D11-00A0C91BC942}") = "Recursion", "Recursion\Recursion.vcxproj", "{E6B65E88-0E50-4A4E-B43F-C809A2338D14}"
EndProject
Project("{8BC9CEB8-8B4A-11D0-8D11-00A0C91BC942}") = "TicTacToe", "TicTacToe\TicTacToe.vcxproj", "{EAFB865C-8EEB-46FF-9F95-E14B43C1A5DA}"
EndProject
Project("{8BC9CEB8-8B4A-11D0-8D11-00A0C91BC942}") = "RandomNumbersofArguments", "RandomNumbersofArguments\RandomNumbersofArguments.vcxproj", "{7A7D1F86-DD64-4BAE-B508-527D80337CB5}"
EndProject
Project("{8BC9CEB8-8B4A-11D0-8D11-00A0C91BC942}") = "TransferParameters", "TransferParameters\TransferParameters.vcxproj", "{CA08D2DA-E441-4BD9-89D1-673C01150162}"
EndProject
Project("{8BC9CEB8-8B4A-11D0-8D11-00A0C91BC942}") = "References", "References\References.vcxproj", "{C9C08CE7-D572-48AF-B6C9-BBA8B190BF48}"
EndProject
Project("{8BC9CEB8-8B4A-11D0-8D11-00A0C91BC942}") = "DynamicArrays", "DynamicArrays\DynamicArrays.vcxproj", "{FF2AEFAE-7B24-47ED-90F8-B58D3C20B9B4}"
EndProject
Project("{8BC9CEB8-8B4A-11D0-8D11-00A0C91BC942}") = "EvenOddElements", "EvenOddElements\EvenOddElements.vcxproj", "{62474455-1C42-4474-B590-FC4A77A1485D}"
EndProject
Project("{8BC9CEB8-8B4A-11D0-8D11-00A0C91BC942}") = "DynamicMemory", "DynamicMemory\DynamicMemory.vcxproj", "{B4108C43-3B39-4334-BFC4-F0C0CA65EA20}"
EndProject
Global
	GlobalSection(SolutionConfigurationPlatforms) = preSolution
		Debug|x64 = Debug|x64
		Debug|x86 = Debug|x86
		Release|x64 = Release|x64
		Release|x86 = Release|x86
	EndGlobalSection
	GlobalSection(ProjectConfigurationPlatforms) = postSolution
		{FD498997-CACE-47D5-9AEC-5C9BB7CF8970}.Debug|x64.ActiveCfg = Debug|x64
		{FD498997-CACE-47D5-9AEC-5C9BB7CF8970}.Debug|x64.Build.0 = Debug|x64
		{FD498997-CACE-47D5-9AEC-5C9BB7CF8970}.Debug|x86.ActiveCfg = Debug|Win32
		{FD498997-CACE-47D5-9AEC-5C9BB7CF8970}.Debug|x86.Build.0 = Debug|Win32
		{FD498997-CACE-47D5-9AEC-5C9BB7CF8970}.Release|x64.ActiveCfg = Release|x64
		{FD498997-CACE-47D5-9AEC-5C9BB7CF8970}.Release|x64.Build.0 = Release|x64
		{FD498997-CACE-47D5-9AEC-5C9BB7CF8970}.Release|x86.ActiveCfg = Release|Win32
		{FD498997-CACE-47D5-9AEC-5C9BB7CF8970}.Release|x86.Build.0 = Release|Win32
		{4D7B2348-C688-48EE-AC96-595591F58C1F}.Debug|x64.ActiveCfg = Debug|x64
		{4D7B2348-C688-48EE-AC96-595591F58C1F}.Debug|x64.Build.0 = Debug|x64
		{4D7B2348-C688-48EE-AC96-595591F58C1F}.Debug|x86.ActiveCfg = Debug|Win32
		{4D7B2348-C688-48EE-AC96-595591F58C1F}.Debug|x86.Build.0 = Debug|Win32
		{4D7B2348-C688-48EE-AC96-595591F58C1F}.Release|x64.ActiveCfg = Release|x64
		{4D7B2348-C688-48EE-AC96-595591F58C1F}.Release|x64.Build.0 = Release|x64
		{4D7B2348-C688-48EE-AC96-595591F58C1F}.Release|x86.ActiveCfg = Release|Win32
		{4D7B2348-C688-48EE-AC96-595591F58C1F}.Release|x86.Build.0 = Release|Win32
		{E6B65E88-0E50-4A4E-B43F-C809A2338D14}.Debug|x64.ActiveCfg = Debug|x64
		{E6B65E88-0E50-4A4E-B43F-C809A2338D14}.Debug|x64.Build.0 = Debug|x64
		{E6B65E88-0E50-4A4E-B43F-C809A2338D14}.Debug|x86.ActiveCfg = Debug|Win32
		{E6B65E88-0E50-4A4E-B43F-C809A2338D14}.Debug|x86.Build.0 = Debug|Win32
		{E6B65E88-0E50-4A4E-B43F-C809A2338D14}.Release|x64.ActiveCfg = Release|x64
		{E6B65E88-0E50-4A4E-B43F-C809A2338D14}.Release|x64.Build.0 = Release|x64
		{E6B65E88-0E50-4A4E-B43F-C809A2338D14}.Release|x86.ActiveCfg = Release|Win32
		{E6B65E88-0E50-4A4E-B43F-C809A2338D14}.Release|x86.Build.0 = Release|Win32
		{EAFB865C-8EEB-46FF-9F95-E14B43C1A5DA}.Debug|x64.ActiveCfg = Debug|x64
		{EAFB865C-8EEB-46FF-9F95-E14B43C1A5DA}.Debug|x64.Build.0 = Debug|x64
		{EAFB865C-8EEB-46FF-9F95-E14B43C1A5DA}.Debug|x86.ActiveCfg = Debug|Win32
		{EAFB865C-8EEB-46FF-9F95-E14B43C1A5DA}.Debug|x86.Build.0 = Debug|Win32
		{EAFB865C-8EEB-46FF-9F95-E14B43C1A5DA}.Release|x64.ActiveCfg = Release|x64
		{EAFB865C-8EEB-46FF-9F95-E14B43C1A5DA}.Release|x64.Build.0 = Release|x64
		{EAFB865C-8EEB-46FF-9F95-E14B43C1A5DA}.Release|x86.ActiveCfg = Release|Win32
		{EAFB865C-8EEB-46FF-9F95-E14B43C1A5DA}.Release|x86.Build.0 = Release|Win32
		{7A7D1F86-DD64-4BAE-B508-527D80337CB5}.Debug|x64.ActiveCfg = Debug|x64
		{7A7D1F86-DD64-4BAE-B508-527D80337CB5}.Debug|x64.Build.0 = Debug|x64
		{7A7D1F86-DD64-4BAE-B508-527D80337CB5}.Debug|x86.ActiveCfg = Debug|Win32
		{7A7D1F86-DD64-4BAE-B508-527D80337CB5}.Debug|x86.Build.0 = Debug|Win32
		{7A7D1F86-DD64-4BAE-B508-527D80337CB5}.Release|x64.ActiveCfg = Release|x64
		{7A7D1F86-DD64-4BAE-B508-527D80337CB5}.Release|x64.Build.0 = Release|x64
		{7A7D1F86-DD64-4BAE-B508-527D80337CB5}.Release|x86.ActiveCfg = Release|Win32
		{7A7D1F86-DD64-4BAE-B508-527D80337CB5}.Release|x86.Build.0 = Release|Win32
		{CA08D2DA-E441-4BD9-89D1-673C01150162}.Debug|x64.ActiveCfg = Debug|x64
		{CA08D2DA-E441-4BD9-89D1-673C01150162}.Debug|x64.Build.0 = Debug|x64
		{CA08D2DA-E441-4BD9-89D1-673C01150162}.Debug|x86.ActiveCfg = Debug|Win32
		{CA08D2DA-E441-4BD9-89D1-673C01150162}.Debug|x86.Build.0 = Debug|Win32
		{CA08D2DA-E441-4BD9-89D1-673C01150162}.Release|x64.ActiveCfg = Release|x64
		{CA08D2DA-E441-4BD9-89D1-673C01150162}.Release|x64.Build.0 = Release|x64
		{CA08D2DA-E441-4BD9-89D1-673C01150162}.Release|x86.ActiveCfg = Release|Win32
		{CA08D2DA-E441-4BD9-89D1-673C01150162}.Release|x86.Build.0 = Release|Win32
		{C9C08CE7-D572-48AF-B6C9-BBA8B190BF48}.Debug|x64.ActiveCfg = Debug|x64
		{C9C08CE7-D572-48AF-B6C9-BBA8B190BF48}.Debug|x64.Build.0 = Debug|x64
		{C9C08CE7-D572-48AF-B6C9-BBA8B190BF48}.Debug|x86.ActiveCfg = Debug|Win32
		{C9C08CE7-D572-48AF-B6C9-BBA8B190BF48}.Debug|x86.Build.0 = Debug|Win32
		{C9C08CE7-D572-48AF-B6C9-BBA8B190BF48}.Release|x64.ActiveCfg = Release|x64
		{C9C08CE7-D572-48AF-B6C9-BBA8B190BF48}.Release|x64.Build.0 = Release|x64
		{C9C08CE7-D572-48AF-B6C9-BBA8B190BF48}.Release|x86.ActiveCfg = Release|Win32
		{C9C08CE7-D572-48AF-B6C9-BBA8B190BF48}.Release|x86.Build.0 = Release|Win32
		{FF2AEFAE-7B24-47ED-90F8-B58D3C20B9B4}.Debug|x64.ActiveCfg = Debug|x64
		{FF2AEFAE-7B24-47ED-90F8-B58D3C20B9B4}.Debug|x64.Build.0 = Debug|x64
		{FF2AEFAE-7B24-47ED-90F8-B58D3C20B9B4}.Debug|x86.ActiveCfg = Debug|Win32
		{FF2AEFAE-7B24-47ED-90F8-B58D3C20B9B4}.Debug|x86.Build.0 = Debug|Win32
		{FF2AEFAE-7B24-47ED-90F8-B58D3C20B9B4}.Release|x64.ActiveCfg = Release|x64
		{FF2AEFAE-7B24-47ED-90F8-B58D3C20B9B4}.Release|x64.Build.0 = Release|x64
		{FF2AEFAE-7B24-47ED-90F8-B58D3C20B9B4}.Release|x86.ActiveCfg = Release|Win32
		{FF2AEFAE-7B24-47ED-90F8-B58D3C20B9B4}.Release|x86.Build.0 = Release|Win32
		{62474455-1C42-4474-B590-FC4A77A1485D}.Debug|x64.ActiveCfg = Debug|x64
		{62474455-1C42-4474-B590-FC4A77A1485D}.Debug|x64.Build.0 = Debug|x64
		{62474455-1C42-4474-B590-FC4A77A1485D}.Debug|x86.ActiveCfg = Debug|Win32
		{62474455-1C42-4474-B590-FC4A77A1485D}.Debug|x86.Build.0 = Debug|Win32
		{62474455-1C42-4474-B590-FC4A77A1485D}.Release|x64.ActiveCfg = Release|x64
		{62474455-1C42-4474-B590-FC4A77A1485D}.Release|x64.Build.0 = Release|x64
		{62474455-1C42-4474-B590-FC4A77A1485D}.Release|x86.ActiveCfg = Release|Win32
		{62474455-1C42-4474-B590-FC4A77A1485D}.Release|x86.Build.0 = Release|Win32
		{B4108C43-3B39-4334-BFC4-F0C0CA65EA20}.Debug|x64.ActiveCfg = Debug|x64
		{B4108C43-3B39-4334-BFC4-F0C0CA65EA20}.Debug|x64.Build.0 = Debug|x64
		{B4108C43-3B39-4334-BFC4-F0C0CA65EA20}.Debug|x86.ActiveCfg = Debug|Win32
		{B4108C43-3B39-4334-BFC4-F0C0CA65EA20}.Debug|x86.Build.0 = Debug|Win32
		{B4108C43-3B39-4334-BFC4-F0C0CA65EA20}.Release|x64.ActiveCfg = Release|x64
		{B4108C43-3B39-4334-BFC4-F0C0CA65EA20}.Release|x64.Build.0 = Release|x64
		{B4108C43-3B39-4334-BFC4-F0C0CA65EA20}.Release|x86.ActiveCfg = Release|Win32
		{B4108C43-3B39-4334-BFC4-F0C0CA65EA20}.Release|x86.Build.0 = Release|Win32
	EndGlobalSection
	GlobalSection(SolutionProperties) = preSolution
		HideSolutionNode = FALSE
	EndGlobalSection
	GlobalSection(ExtensibilityGlobals) = postSolution
		SolutionGuid = {E806F7AB-0B45-4D38-BE5D-84A000DCA476}
	EndGlobalSection
EndGlobal
