
Microsoft Visual Studio Solution File, Format Version 12.00
# Visual Studio Version 16
VisualStudioVersion = 16.0.29102.190
MinimumVisualStudioVersion = 10.0.40219.1
Project("{8BC9CEB8-8B4A-11D0-8D11-00A0C91BC942}") = "NullTerminatedLines", "NullTerminatedLines\NullTerminatedLines.vcxproj", "{A6CCFA74-3940-4F27-8C92-FB71F373F3DA}"
EndProject
Project("{8BC9CEB8-8B4A-11D0-8D11-00A0C91BC942}") = "NumeriSystems", "NumeriSystems\NumeriSystems.vcxproj", "{FC239137-3BC6-4FCD-9FC5-82585B364CEB}"
EndProject
Project("{8BC9CEB8-8B4A-11D0-8D11-00A0C91BC942}") = "StandartStrFunctions", "StandartStrFunctions\StandartStrFunctions.vcxproj", "{40631C82-834B-4FB1-B98E-D57C80821D72}"
EndProject
Global
	GlobalSection(SolutionConfigurationPlatforms) = preSolution
		Debug|x64 = Debug|x64
		Debug|x86 = Debug|x86
		Release|x64 = Release|x64
		Release|x86 = Release|x86
	EndGlobalSection
	GlobalSection(ProjectConfigurationPlatforms) = postSolution
		{A6CCFA74-3940-4F27-8C92-FB71F373F3DA}.Debug|x64.ActiveCfg = Debug|x64
		{A6CCFA74-3940-4F27-8C92-FB71F373F3DA}.Debug|x64.Build.0 = Debug|x64
		{A6CCFA74-3940-4F27-8C92-FB71F373F3DA}.Debug|x86.ActiveCfg = Debug|Win32
		{A6CCFA74-3940-4F27-8C92-FB71F373F3DA}.Debug|x86.Build.0 = Debug|Win32
		{A6CCFA74-3940-4F27-8C92-FB71F373F3DA}.Release|x64.ActiveCfg = Release|x64
		{A6CCFA74-3940-4F27-8C92-FB71F373F3DA}.Release|x64.Build.0 = Release|x64
		{A6CCFA74-3940-4F27-8C92-FB71F373F3DA}.Release|x86.ActiveCfg = Release|Win32
		{A6CCFA74-3940-4F27-8C92-FB71F373F3DA}.Release|x86.Build.0 = Release|Win32
		{FC239137-3BC6-4FCD-9FC5-82585B364CEB}.Debug|x64.ActiveCfg = Debug|x64
		{FC239137-3BC6-4FCD-9FC5-82585B364CEB}.Debug|x64.Build.0 = Debug|x64
		{FC239137-3BC6-4FCD-9FC5-82585B364CEB}.Debug|x86.ActiveCfg = Debug|Win32
		{FC239137-3BC6-4FCD-9FC5-82585B364CEB}.Debug|x86.Build.0 = Debug|Win32
		{FC239137-3BC6-4FCD-9FC5-82585B364CEB}.Release|x64.ActiveCfg = Release|x64
		{FC239137-3BC6-4FCD-9FC5-82585B364CEB}.Release|x64.Build.0 = Release|x64
		{FC239137-3BC6-4FCD-9FC5-82585B364CEB}.Release|x86.ActiveCfg = Release|Win32
		{FC239137-3BC6-4FCD-9FC5-82585B364CEB}.Release|x86.Build.0 = Release|Win32
		{40631C82-834B-4FB1-B98E-D57C80821D72}.Debug|x64.ActiveCfg = Debug|x64
		{40631C82-834B-4FB1-B98E-D57C80821D72}.Debug|x64.Build.0 = Debug|x64
		{40631C82-834B-4FB1-B98E-D57C80821D72}.Debug|x86.ActiveCfg = Debug|Win32
		{40631C82-834B-4FB1-B98E-D57C80821D72}.Debug|x86.Build.0 = Debug|Win32
		{40631C82-834B-4FB1-B98E-D57C80821D72}.Release|x64.ActiveCfg = Release|x64
		{40631C82-834B-4FB1-B98E-D57C80821D72}.Release|x64.Build.0 = Release|x64
		{40631C82-834B-4FB1-B98E-D57C80821D72}.Release|x86.ActiveCfg = Release|Win32
		{40631C82-834B-4FB1-B98E-D57C80821D72}.Release|x86.Build.0 = Release|Win32
	EndGlobalSection
	GlobalSection(SolutionProperties) = preSolution
		HideSolutionNode = FALSE
	EndGlobalSection
	GlobalSection(ExtensibilityGlobals) = postSolution
		SolutionGuid = {A45C73B4-6FA3-4B66-B34E-598D50C07323}
	EndGlobalSection
EndGlobal
